// !$*UTF8*$!
{
	archiveVersion = 1;
	classes = {
	};
	objectVersion = 46;
	objects = {

/* Begin PBXBuildFile section */
		3A1067E6139FD8EC0068D0B5 /* UIKit.framework in Frameworks */ = {isa = PBXBuildFile; fileRef = 3A1067E5139FD8EC0068D0B5 /* UIKit.framework */; };
		3A1067E8139FD8EC0068D0B5 /* Foundation.framework in Frameworks */ = {isa = PBXBuildFile; fileRef = 3A1067E7139FD8EC0068D0B5 /* Foundation.framework */; };
		3A1067EA139FD8EC0068D0B5 /* CoreGraphics.framework in Frameworks */ = {isa = PBXBuildFile; fileRef = 3A1067E9139FD8EC0068D0B5 /* CoreGraphics.framework */; };
		3A1067F0139FD8EC0068D0B5 /* InfoPlist.strings in Resources */ = {isa = PBXBuildFile; fileRef = 3A1067EE139FD8EC0068D0B5 /* InfoPlist.strings */; };
		3A1067F3139FD8EC0068D0B5 /* main.m in Sources */ = {isa = PBXBuildFile; fileRef = 3A1067F2139FD8EC0068D0B5 /* main.m */; };
		3A1067F6139FD8EC0068D0B5 /* VocabulousAppDelegate.m in Sources */ = {isa = PBXBuildFile; fileRef = 3A1067F5139FD8EC0068D0B5 /* VocabulousAppDelegate.m */; };
		3A1067F9139FD8EC0068D0B5 /* MainWindow.xib in Resources */ = {isa = PBXBuildFile; fileRef = 3A1067F7139FD8EC0068D0B5 /* MainWindow.xib */; };
		3A106801139FD9750068D0B5 /* WordListTableViewController.m in Sources */ = {isa = PBXBuildFile; fileRef = 3A106800139FD9750068D0B5 /* WordListTableViewController.m */; };
		3A106804139FF5B90068D0B5 /* DefinitionViewController.m in Sources */ = {isa = PBXBuildFile; fileRef = 3A106803139FF5B90068D0B5 /* DefinitionViewController.m */; };
/* End PBXBuildFile section */

/* Begin PBXFileReference section */
		3A1067E1139FD8EC0068D0B5 /* Vocabulous.app */ = {isa = PBXFileReference; explicitFileType = wrapper.application; includeInIndex = 0; path = Vocabulous.app; sourceTree = BUILT_PRODUCTS_DIR; };
		3A1067E5139FD8EC0068D0B5 /* UIKit.framework */ = {isa = PBXFileReference; lastKnownFileType = wrapper.framework; name = UIKit.framework; path = System/Library/Frameworks/UIKit.framework; sourceTree = SDKROOT; };
		3A1067E7139FD8EC0068D0B5 /* Foundation.framework */ = {isa = PBXFileReference; lastKnownFileType = wrapper.framework; name = Foundation.framework; path = System/Library/Frameworks/Foundation.framework; sourceTree = SDKROOT; };
		3A1067E9139FD8EC0068D0B5 /* CoreGraphics.framework */ = {isa = PBXFileReference; lastKnownFileType = wrapper.framework; name = CoreGraphics.framework; path = System/Library/Frameworks/CoreGraphics.framework; sourceTree = SDKROOT; };
		3A1067ED139FD8EC0068D0B5 /* Vocabulous-Info.plist */ = {isa = PBXFileReference; lastKnownFileType = text.plist.xml; path = "Vocabulous-Info.plist"; sourceTree = "<group>"; };
		3A1067EF139FD8EC0068D0B5 /* en */ = {isa = PBXFileReference; lastKnownFileType = text.plist.strings; name = en; path = en.lproj/InfoPlist.strings; sourceTree = "<group>"; };
		3A1067F1139FD8EC0068D0B5 /* Vocabulous-Prefix.pch */ = {isa = PBXFileReference; lastKnownFileType = sourcecode.c.h; path = "Vocabulous-Prefix.pch"; sourceTree = "<group>"; };
		3A1067F2139FD8EC0068D0B5 /* main.m */ = {isa = PBXFileReference; lastKnownFileType = sourcecode.c.objc; path = main.m; sourceTree = "<group>"; };
		3A1067F4139FD8EC0068D0B5 /* VocabulousAppDelegate.h */ = {isa = PBXFileReference; lastKnownFileType = sourcecode.c.h; path = VocabulousAppDelegate.h; sourceTree = "<group>"; };
		3A1067F5139FD8EC0068D0B5 /* VocabulousAppDelegate.m */ = {isa = PBXFileReference; lastKnownFileType = sourcecode.c.objc; path = VocabulousAppDelegate.m; sourceTree = "<group>"; };
		3A1067F8139FD8EC0068D0B5 /* en */ = {isa = PBXFileReference; lastKnownFileType = file.xib; name = en; path = en.lproj/MainWindow.xib; sourceTree = "<group>"; };
		3A1067FF139FD9750068D0B5 /* WordListTableViewController.h */ = {isa = PBXFileReference; fileEncoding = 4; lastKnownFileType = sourcecode.c.h; name = WordListTableViewController.h; path = ../WordListTableViewController.h; sourceTree = "<group>"; };
		3A106800139FD9750068D0B5 /* WordListTableViewController.m */ = {isa = PBXFileReference; fileEncoding = 4; lastKnownFileType = sourcecode.c.objc; name = WordListTableViewController.m; path = ../WordListTableViewController.m; sourceTree = "<group>"; };
		3A106802139FF5B90068D0B5 /* DefinitionViewController.h */ = {isa = PBXFileReference; fileEncoding = 4; lastKnownFileType = sourcecode.c.h; path = DefinitionViewController.h; sourceTree = "<group>"; };
		3A106803139FF5B90068D0B5 /* DefinitionViewController.m */ = {isa = PBXFileReference; fileEncoding = 4; lastKnownFileType = sourcecode.c.objc; path = DefinitionViewController.m; sourceTree = "<group>"; };
/* End PBXFileReference section */

/* Begin PBXFrameworksBuildPhase section */
		3A1067DE139FD8EC0068D0B5 /* Frameworks */ = {
			isa = PBXFrameworksBuildPhase;
			buildActionMask = 2147483647;
			files = (
				3A1067E6139FD8EC0068D0B5 /* UIKit.framework in Frameworks */,
				3A1067E8139FD8EC0068D0B5 /* Foundation.framework in Frameworks */,
				3A1067EA139FD8EC0068D0B5 /* CoreGraphics.framework in Frameworks */,
			);
			runOnlyForDeploymentPostprocessing = 0;
		};
/* End PBXFrameworksBuildPhase section */

/* Begin PBXGroup section */
		3A1067D6139FD8EC0068D0B5 = {
			isa = PBXGroup;
			children = (
				3A1067EB139FD8EC0068D0B5 /* Vocabulous */,
				3A1067E4139FD8EC0068D0B5 /* Frameworks */,
				3A1067E2139FD8EC0068D0B5 /* Products */,
			);
			sourceTree = "<group>";
		};
		3A1067E2139FD8EC0068D0B5 /* Products */ = {
			isa = PBXGroup;
			children = (
				3A1067E1139FD8EC0068D0B5 /* Vocabulous.app */,
			);
			name = Products;
			sourceTree = "<group>";
		};
		3A1067E4139FD8EC0068D0B5 /* Frameworks */ = {
			isa = PBXGroup;
			children = (
				3A1067E5139FD8EC0068D0B5 /* UIKit.framework */,
				3A1067E7139FD8EC0068D0B5 /* Foundation.framework */,
				3A1067E9139FD8EC0068D0B5 /* CoreGraphics.framework */,
			);
			name = Frameworks;
			sourceTree = "<group>";
		};
		3A1067EB139FD8EC0068D0B5 /* Vocabulous */ = {
			isa = PBXGroup;
			children = (
				3A1067F4139FD8EC0068D0B5 /* VocabulousAppDelegate.h */,
				3A1067F5139FD8EC0068D0B5 /* VocabulousAppDelegate.m */,
				3A106802139FF5B90068D0B5 /* DefinitionViewController.h */,
				3A106803139FF5B90068D0B5 /* DefinitionViewController.m */,
				3A1067FF139FD9750068D0B5 /* WordListTableViewController.h */,
				3A106800139FD9750068D0B5 /* WordListTableViewController.m */,
				3A1067F7139FD8EC0068D0B5 /* MainWindow.xib */,
				3A1067EC139FD8EC0068D0B5 /* Supporting Files */,
			);
			path = Vocabulous;
			sourceTree = "<group>";
		};
		3A1067EC139FD8EC0068D0B5 /* Supporting Files */ = {
			isa = PBXGroup;
			children = (
				3A1067ED139FD8EC0068D0B5 /* Vocabulous-Info.plist */,
				3A1067EE139FD8EC0068D0B5 /* InfoPlist.strings */,
				3A1067F1139FD8EC0068D0B5 /* Vocabulous-Prefix.pch */,
				3A1067F2139FD8EC0068D0B5 /* main.m */,
			);
			name = "Supporting Files";
			sourceTree = "<group>";
		};
/* End PBXGroup section */

/* Begin PBXNativeTarget section */
		3A1067E0139FD8EC0068D0B5 /* Vocabulous */ = {
			isa = PBXNativeTarget;
			buildConfigurationList = 3A1067FC139FD8EC0068D0B5 /* Build configuration list for PBXNativeTarget "Vocabulous" */;
			buildPhases = (
				3A1067DD139FD8EC0068D0B5 /* Sources */,
				3A1067DE139FD8EC0068D0B5 /* Frameworks */,
				3A1067DF139FD8EC0068D0B5 /* Resources */,
			);
			buildRules = (
			);
			dependencies = (
			);
			name = Vocabulous;
			productName = Vocabulous;
			productReference = 3A1067E1139FD8EC0068D0B5 /* Vocabulous.app */;
			productType = "com.apple.product-type.application";
		};
/* End PBXNativeTarget section */

/* Begin PBXProject section */
		3A1067D8139FD8EC0068D0B5 /* Project object */ = {
			isa = PBXProject;
			attributes = {
				ORGANIZATIONNAME = "Штрих-М";
			};
			buildConfigurationList = 3A1067DB139FD8EC0068D0B5 /* Build configuration list for PBXProject "Vocabulous" */;
			compatibilityVersion = "Xcode 3.2";
			developmentRegion = English;
			hasScannedForEncodings = 0;
			knownRegions = (
				en,
			);
			mainGroup = 3A1067D6139FD8EC0068D0B5;
			productRefGroup = 3A1067E2139FD8EC0068D0B5 /* Products */;
			projectDirPath = "";
			projectRoot = "";
			targets = (
				3A1067E0139FD8EC0068D0B5 /* Vocabulous */,
			);
		};
/* End PBXProject section */

/* Begin PBXResourcesBuildPhase section */
		3A1067DF139FD8EC0068D0B5 /* Resources */ = {
			isa = PBXResourcesBuildPhase;
			buildActionMask = 2147483647;
			files = (
				3A1067F0139FD8EC0068D0B5 /* InfoPlist.strings in Resources */,
				3A1067F9139FD8EC0068D0B5 /* MainWindow.xib in Resources */,
			);
			runOnlyForDeploymentPostprocessing = 0;
		};
/* End PBXResourcesBuildPhase section */

/* Begin PBXSourcesBuildPhase section */
		3A1067DD139FD8EC0068D0B5 /* Sources */ = {
			isa = PBXSourcesBuildPhase;
			buildActionMask = 2147483647;
			files = (
				3A1067F3139FD8EC0068D0B5 /* main.m in Sources */,
				3A1067F6139FD8EC0068D0B5 /* VocabulousAppDelegate.m in Sources */,
				3A106801139FD9750068D0B5 /* WordListTableViewController.m in Sources */,
				3A106804139FF5B90068D0B5 /* DefinitionViewController.m in Sources */,
			);
			runOnlyForDeploymentPostprocessing = 0;
		};
/* End PBXSourcesBuildPhase section */

/* Begin PBXVariantGroup section */
		3A1067EE139FD8EC0068D0B5 /* InfoPlist.strings */ = {
			isa = PBXVariantGroup;
			children = (
				3A1067EF139FD8EC0068D0B5 /* en */,
			);
			name = InfoPlist.strings;
			sourceTree = "<group>";
		};
		3A1067F7139FD8EC0068D0B5 /* MainWindow.xib */ = {
			isa = PBXVariantGroup;
			children = (
				3A1067F8139FD8EC0068D0B5 /* en */,
			);
			name = MainWindow.xib;
			sourceTree = "<group>";
		};
/* End PBXVariantGroup section */

/* Begin XCBuildConfiguration section */
		3A1067FA139FD8EC0068D0B5 /* Debug */ = {
			isa = XCBuildConfiguration;
			buildSettings = {
				ARCHS = "$(ARCHS_STANDARD_32_BIT)";
				"CODE_SIGN_IDENTITY[sdk=iphoneos*]" = "iPhone Developer";
				GCC_C_LANGUAGE_STANDARD = gnu99;
				GCC_OPTIMIZATION_LEVEL = 0;
				GCC_PREPROCESSOR_DEFINITIONS = DEBUG;
				GCC_SYMBOLS_PRIVATE_EXTERN = NO;
				GCC_VERSION = com.apple.compilers.llvmgcc42;
				GCC_WARN_ABOUT_RETURN_TYPE = YES;
				GCC_WARN_UNUSED_VARIABLE = YES;
				IPHONEOS_DEPLOYMENT_TARGET = 4.3;
				SDKROOT = iphoneos;
			};
			name = Debug;
		};
		3A1067FB139FD8EC0068D0B5 /* Release */ = {
			isa = XCBuildConfiguration;
			buildSettings = {
				ARCHS = "$(ARCHS_STANDARD_32_BIT)";
				"CODE_SIGN_IDENTITY[sdk=iphoneos*]" = "iPhone Developer";
				GCC_C_LANGUAGE_STANDARD = gnu99;
				GCC_VERSION = com.apple.compilers.llvmgcc42;
				GCC_WARN_ABOUT_RETURN_TYPE = YES;
				GCC_WARN_UNUSED_VARIABLE = YES;
				IPHONEOS_DEPLOYMENT_TARGET = 4.3;
				OTHER_CFLAGS = "-DNS_BLOCK_ASSERTIONS=1";
				SDKROOT = iphoneos;
			};
			name = Release;
		};
		3A1067FD139FD8EC0068D0B5 /* Debug */ = {
			isa = XCBuildConfiguration;
			buildSettings = {
				ALWAYS_SEARCH_USER_PATHS = NO;
				COPY_PHASE_STRIP = NO;
				GCC_DYNAMIC_NO_PIC = NO;
				GCC_PRECOMPILE_PREFIX_HEADER = YES;
				GCC_PREFIX_HEADER = "Vocabulous/Vocabulous-Prefix.pch";
				INFOPLIST_FILE = "Vocabulous/Vocabulous-Info.plist";
				PRODUCT_NAME = "$(TARGET_NAME)";
				WRAPPER_EXTENSION = app;
			};
			name = Debug;
		};
		3A1067FE139FD8EC0068D0B5 /* Release */ = {
			isa = XCBuildConfiguration;
			buildSettings = {
				ALWAYS_SEARCH_USER_PATHS = NO;
				COPY_PHASE_STRIP = YES;
				GCC_PRECOMPILE_PREFIX_HEADER = YES;
				GCC_PREFIX_HEADER = "Vocabulous/Vocabulous-Prefix.pch";
				INFOPLIST_FILE = "Vocabulous/Vocabulous-Info.plist";
				PRODUCT_NAME = "$(TARGET_NAME)";
				VALIDATE_PRODUCT = YES;
				WRAPPER_EXTENSION = app;
			};
			name = Release;
		};
/* End XCBuildConfiguration section */

/* Begin XCConfigurationList section */
		3A1067DB139FD8EC0068D0B5 /* Build configuration list for PBXProject "Vocabulous" */ = {
			isa = XCConfigurationList;
			buildConfigurations = (
				3A1067FA139FD8EC0068D0B5 /* Debug */,
				3A1067FB139FD8EC0068D0B5 /* Release */,
			);
			defaultConfigurationIsVisible = 0;
			defaultConfigurationName = Release;
		};
		3A1067FC139FD8EC0068D0B5 /* Build configuration list for PBXNativeTarget "Vocabulous" */ = {
			isa = XCConfigurationList;
			buildConfigurations = (
				3A1067FD139FD8EC0068D0B5 /* Debug */,
				3A1067FE139FD8EC0068D0B5 /* Release */,
			);
			defaultConfigurationIsVisible = 0;
		};
/* End XCConfigurationList section */
	};
	rootObject = 3A1067D8139FD8EC0068D0B5 /* Project object */;
}
